PODS:
  - HYTestPod (0.1.0)

DEPENDENCIES:
  - HYTestPod (from `https://github.com/MrChenYoung/HYTestPod.git`)

EXTERNAL SOURCES:
  HYTestPod:
    :git: https://github.com/MrChenYoung/HYTestPod.git

CHECKOUT OPTIONS:
  HYTestPod:
    :commit: 6e1672a1dad62c8c34329398a038c04a5134081d
    :git: https://github.com/MrChenYoung/HYTestPod.git

SPEC CHECKSUMS:
  HYTestPod: 06cef55d1adc3dadd56dbc389123c7284206d905

PODFILE CHECKSUM: 58fdcb5b797ef8568ef672c1921b66dd48ac58d2

COCOAPODS: 1.10.0
