PODS:
  - SDWebImage (5.11.0):
    - SDWebImage/Core (= 5.11.0)
  - SDWebImage/Core (5.11.0)
  - ZLPhotoBrowser (3.2.0):
    - SDWebImage

DEPENDENCIES:
  - ZLPhotoBrowser (= 3.2.0)

SPEC REPOS:
  https://github.com/CocoaPods/Specs.git:
    - SDWebImage
    - ZLPhotoBrowser

SPEC CHECKSUMS:
  SDWebImage: 7acbb57630ac7db4a495547fb73916ff3e432f6b
  ZLPhotoBrowser: 3748fdbeb2b28961c2495d15131dbf413082e1b9

PODFILE CHECKSUM: 166a1d62b5e69ed797c9be0c060628e381ea6a2d

COCOAPODS: 1.10.1
